
Microsoft Visual Studio Solution File, Format Version 12.00
# Visual Studio 15
VisualStudioVersion = 15.0.27130.2036
MinimumVisualStudioVersion = 10.0.40219.1
Project("{8BC9CEB8-8B4A-11D0-8D11-00A0C91BC942}") = "1_cSytle_ConsoleGame", "1_cSytle_ConsoleGame\1_cSytle_ConsoleGame.vcxproj", "{EB6E8E90-2665-4941-9D30-7018FFD0C76A}"
EndProject
Global
	GlobalSection(SolutionConfigurationPlatforms) = preSolution
		Debug|x64 = Debug|x64
		Debug|x86 = Debug|x86
		Release|x64 = Release|x64
		Release|x86 = Release|x86
	EndGlobalSection
	GlobalSection(ProjectConfigurationPlatforms) = postSolution
		{EB6E8E90-2665-4941-9D30-7018FFD0C76A}.Debug|x64.ActiveCfg = Debug|x64
		{EB6E8E90-2665-4941-9D30-7018FFD0C76A}.Debug|x64.Build.0 = Debug|x64
		{EB6E8E90-2665-4941-9D30-7018FFD0C76A}.Debug|x86.ActiveCfg = Debug|Win32
		{EB6E8E90-2665-4941-9D30-7018FFD0C76A}.Debug|x86.Build.0 = Debug|Win32
		{EB6E8E90-2665-4941-9D30-7018FFD0C76A}.Release|x64.ActiveCfg = Release|x64
		{EB6E8E90-2665-4941-9D30-7018FFD0C76A}.Release|x64.Build.0 = Release|x64
		{EB6E8E90-2665-4941-9D30-7018FFD0C76A}.Release|x86.ActiveCfg = Release|Win32
		{EB6E8E90-2665-4941-9D30-7018FFD0C76A}.Release|x86.Build.0 = Release|Win32
	EndGlobalSection
	GlobalSection(SolutionProperties) = preSolution
		HideSolutionNode = FALSE
	EndGlobalSection
	GlobalSection(ExtensibilityGlobals) = postSolution
		SolutionGuid = {F726FAA3-414F-4D2D-9B11-29EED276FD68}
	EndGlobalSection
EndGlobal
